
Microsoft Visual Studio Solution File, Format Version 12.00
# Visual Studio Version 17
VisualStudioVersion = 17.2.32516.85
MinimumVisualStudioVersion = 10.0.40219.1
Project("{9A19103F-16F7-4668-BE54-9A1E7A4F7556}") = "WMS.EntityFrameworkCore", "src\PDS.EntityFrameworkCore\WMS.EntityFrameworkCore.csproj", "{C956DD76-69C8-4A9C-83EA-D17DF83340FD}"
EndProject
Project("{2150E333-8FDC-42A3-9474-1A3956D46DE8}") = "src", "src", "{CA9AC87F-097E-4F15-8393-4BC07735A5B0}"
EndProject
Project("{9A19103F-16F7-4668-BE54-9A1E7A4F7556}") = "WMS.HttpApi.Host", "src\PDS.HttpApi.Host\WMS.HttpApi.Host.csproj", "{748584B1-BA69-4F6A-81AA-F4BDE6BCE29D}"
EndProject
Project("{9A19103F-16F7-4668-BE54-9A1E7A4F7556}") = "WMS.StorageModule", "Sorage\WMS.StorageModule.csproj", "{2C02DF3C-4D35-48B5-9AEC-718889D721F0}"
EndProject
Project("{9A19103F-16F7-4668-BE54-9A1E7A4F7556}") = "WMS.MaterialModule", "Material\WMS.MaterialModule.csproj", "{ED44516B-B818-46D9-928B-36092B51FC6F}"
EndProject
Project("{9A19103F-16F7-4668-BE54-9A1E7A4F7556}") = "WMS.LineCallProcessTaskModule", "ProcessControl\WMS.LineCallProcessTaskModule.csproj", "{47586841-FB72-4CEC-B9A5-7C30D2744559}"
EndProject
Project("{9A19103F-16F7-4668-BE54-9A1E7A4F7556}") = "TaskBaseModule", "TaskBase\TaskBaseModule.csproj", "{3E41F3D9-6EBC-4B9B-BA36-57A6C3B1EEC8}"
EndProject
Project("{9A19103F-16F7-4668-BE54-9A1E7A4F7556}") = "HBTaskModule", "HBTask\HBTaskModule.csproj", "{8FBED698-B94A-43E9-B467-6B83D7C66B65}"
EndProject
Project("{2150E333-8FDC-42A3-9474-1A3956D46DE8}") = "CommonTask", "CommonTask", "{6410A4FB-F353-41C6-8DFB-08BD0605BB21}"
EndProject
Project("{2150E333-8FDC-42A3-9474-1A3956D46DE8}") = "LineCall（线边呼叫）", "LineCall（线边呼叫）", "{E4F5FA0C-DC1D-462F-B093-6F9C9A3ADE1D}"
EndProject
Project("{2150E333-8FDC-42A3-9474-1A3956D46DE8}") = "R2P(货架到人）", "R2P(货架到人）", "{1A871EF4-5995-4A76-86A9-1E6A80B41F5D}"
EndProject
Project("{2150E333-8FDC-42A3-9474-1A3956D46DE8}") = "B2P(货箱到人)", "B2P(货箱到人)", "{C63786F0-64E7-423C-A7A1-E39A725BFBDC}"
EndProject
Project("{9A19103F-16F7-4668-BE54-9A1E7A4F7556}") = "WMS.LineCallInputModule", "LineCallInputOutput\WMS.LineCallInputModule.csproj", "{3E9335F5-2B1B-419E-AC3A-F8715C6CDD12}"
EndProject
Project("{9A19103F-16F7-4668-BE54-9A1E7A4F7556}") = "WMS.R2POutputModule", "R2POutput\WMS.R2POutputModule.csproj", "{048AE134-EEA0-4ADD-922D-7FFEE8923C63}"
EndProject
Project("{2150E333-8FDC-42A3-9474-1A3956D46DE8}") = "NdcCommon", "NdcCommon", "{C79B4E06-6E96-4FC0-B462-043C2CAA3D28}"
EndProject
Project("{9A19103F-16F7-4668-BE54-9A1E7A4F7556}") = "AciModule", "NdcModule\AciModule.csproj", "{87AA883B-00AE-4930-85C0-AAF9BBD3BA82}"
EndProject
Project("{9A19103F-16F7-4668-BE54-9A1E7A4F7556}") = "WMS.Identity", "WMS.Identity\WMS.Identity.csproj", "{D8DD5F11-D784-441C-92F7-2ED027209EF7}"
EndProject
Project("{9A19103F-16F7-4668-BE54-9A1E7A4F7556}") = "WMS.BarCodeModule", "WMS.BarCodeModule\WMS.BarCodeModule.csproj", "{659D3A90-CF18-4567-9AF1-BD30DB88880C}"
EndProject
Project("{9A19103F-16F7-4668-BE54-9A1E7A4F7556}") = "Rcs", "RCS\Rcs.csproj", "{7153B9D4-4750-49A5-AF12-453505EE4383}"
EndProject
Global
	GlobalSection(SolutionConfigurationPlatforms) = preSolution
		Debug|Any CPU = Debug|Any CPU
		Release|Any CPU = Release|Any CPU
	EndGlobalSection
	GlobalSection(ProjectConfigurationPlatforms) = postSolution
		{C956DD76-69C8-4A9C-83EA-D17DF83340FD}.Debug|Any CPU.ActiveCfg = Debug|Any CPU
		{C956DD76-69C8-4A9C-83EA-D17DF83340FD}.Debug|Any CPU.Build.0 = Debug|Any CPU
		{C956DD76-69C8-4A9C-83EA-D17DF83340FD}.Release|Any CPU.ActiveCfg = Release|Any CPU
		{C956DD76-69C8-4A9C-83EA-D17DF83340FD}.Release|Any CPU.Build.0 = Release|Any CPU
		{748584B1-BA69-4F6A-81AA-F4BDE6BCE29D}.Debug|Any CPU.ActiveCfg = Debug|Any CPU
		{748584B1-BA69-4F6A-81AA-F4BDE6BCE29D}.Debug|Any CPU.Build.0 = Debug|Any CPU
		{748584B1-BA69-4F6A-81AA-F4BDE6BCE29D}.Release|Any CPU.ActiveCfg = Release|Any CPU
		{748584B1-BA69-4F6A-81AA-F4BDE6BCE29D}.Release|Any CPU.Build.0 = Release|Any CPU
		{2C02DF3C-4D35-48B5-9AEC-718889D721F0}.Debug|Any CPU.ActiveCfg = Debug|Any CPU
		{2C02DF3C-4D35-48B5-9AEC-718889D721F0}.Debug|Any CPU.Build.0 = Debug|Any CPU
		{2C02DF3C-4D35-48B5-9AEC-718889D721F0}.Release|Any CPU.ActiveCfg = Release|Any CPU
		{2C02DF3C-4D35-48B5-9AEC-718889D721F0}.Release|Any CPU.Build.0 = Release|Any CPU
		{ED44516B-B818-46D9-928B-36092B51FC6F}.Debug|Any CPU.ActiveCfg = Debug|Any CPU
		{ED44516B-B818-46D9-928B-36092B51FC6F}.Debug|Any CPU.Build.0 = Debug|Any CPU
		{ED44516B-B818-46D9-928B-36092B51FC6F}.Release|Any CPU.ActiveCfg = Release|Any CPU
		{ED44516B-B818-46D9-928B-36092B51FC6F}.Release|Any CPU.Build.0 = Release|Any CPU
		{47586841-FB72-4CEC-B9A5-7C30D2744559}.Debug|Any CPU.ActiveCfg = Debug|Any CPU
		{47586841-FB72-4CEC-B9A5-7C30D2744559}.Debug|Any CPU.Build.0 = Debug|Any CPU
		{47586841-FB72-4CEC-B9A5-7C30D2744559}.Release|Any CPU.ActiveCfg = Release|Any CPU
		{47586841-FB72-4CEC-B9A5-7C30D2744559}.Release|Any CPU.Build.0 = Release|Any CPU
		{3E41F3D9-6EBC-4B9B-BA36-57A6C3B1EEC8}.Debug|Any CPU.ActiveCfg = Debug|Any CPU
		{3E41F3D9-6EBC-4B9B-BA36-57A6C3B1EEC8}.Debug|Any CPU.Build.0 = Debug|Any CPU
		{3E41F3D9-6EBC-4B9B-BA36-57A6C3B1EEC8}.Release|Any CPU.ActiveCfg = Release|Any CPU
		{3E41F3D9-6EBC-4B9B-BA36-57A6C3B1EEC8}.Release|Any CPU.Build.0 = Release|Any CPU
		{8FBED698-B94A-43E9-B467-6B83D7C66B65}.Debug|Any CPU.ActiveCfg = Debug|Any CPU
		{8FBED698-B94A-43E9-B467-6B83D7C66B65}.Debug|Any CPU.Build.0 = Debug|Any CPU
		{8FBED698-B94A-43E9-B467-6B83D7C66B65}.Release|Any CPU.ActiveCfg = Release|Any CPU
		{8FBED698-B94A-43E9-B467-6B83D7C66B65}.Release|Any CPU.Build.0 = Release|Any CPU
		{3E9335F5-2B1B-419E-AC3A-F8715C6CDD12}.Debug|Any CPU.ActiveCfg = Debug|Any CPU
		{3E9335F5-2B1B-419E-AC3A-F8715C6CDD12}.Debug|Any CPU.Build.0 = Debug|Any CPU
		{3E9335F5-2B1B-419E-AC3A-F8715C6CDD12}.Release|Any CPU.ActiveCfg = Release|Any CPU
		{3E9335F5-2B1B-419E-AC3A-F8715C6CDD12}.Release|Any CPU.Build.0 = Release|Any CPU
		{048AE134-EEA0-4ADD-922D-7FFEE8923C63}.Debug|Any CPU.ActiveCfg = Debug|Any CPU
		{048AE134-EEA0-4ADD-922D-7FFEE8923C63}.Debug|Any CPU.Build.0 = Debug|Any CPU
		{048AE134-EEA0-4ADD-922D-7FFEE8923C63}.Release|Any CPU.ActiveCfg = Release|Any CPU
		{048AE134-EEA0-4ADD-922D-7FFEE8923C63}.Release|Any CPU.Build.0 = Release|Any CPU
		{87AA883B-00AE-4930-85C0-AAF9BBD3BA82}.Debug|Any CPU.ActiveCfg = Debug|Any CPU
		{87AA883B-00AE-4930-85C0-AAF9BBD3BA82}.Debug|Any CPU.Build.0 = Debug|Any CPU
		{87AA883B-00AE-4930-85C0-AAF9BBD3BA82}.Release|Any CPU.ActiveCfg = Release|Any CPU
		{87AA883B-00AE-4930-85C0-AAF9BBD3BA82}.Release|Any CPU.Build.0 = Release|Any CPU
		{D8DD5F11-D784-441C-92F7-2ED027209EF7}.Debug|Any CPU.ActiveCfg = Debug|Any CPU
		{D8DD5F11-D784-441C-92F7-2ED027209EF7}.Debug|Any CPU.Build.0 = Debug|Any CPU
		{D8DD5F11-D784-441C-92F7-2ED027209EF7}.Release|Any CPU.ActiveCfg = Release|Any CPU
		{D8DD5F11-D784-441C-92F7-2ED027209EF7}.Release|Any CPU.Build.0 = Release|Any CPU
		{659D3A90-CF18-4567-9AF1-BD30DB88880C}.Debug|Any CPU.ActiveCfg = Debug|Any CPU
		{659D3A90-CF18-4567-9AF1-BD30DB88880C}.Debug|Any CPU.Build.0 = Debug|Any CPU
		{659D3A90-CF18-4567-9AF1-BD30DB88880C}.Release|Any CPU.ActiveCfg = Release|Any CPU
		{659D3A90-CF18-4567-9AF1-BD30DB88880C}.Release|Any CPU.Build.0 = Release|Any CPU
		{7153B9D4-4750-49A5-AF12-453505EE4383}.Debug|Any CPU.ActiveCfg = Debug|Any CPU
		{7153B9D4-4750-49A5-AF12-453505EE4383}.Debug|Any CPU.Build.0 = Debug|Any CPU
		{7153B9D4-4750-49A5-AF12-453505EE4383}.Release|Any CPU.ActiveCfg = Release|Any CPU
		{7153B9D4-4750-49A5-AF12-453505EE4383}.Release|Any CPU.Build.0 = Release|Any CPU
	EndGlobalSection
	GlobalSection(SolutionProperties) = preSolution
		HideSolutionNode = FALSE
	EndGlobalSection
	GlobalSection(NestedProjects) = preSolution
		{C956DD76-69C8-4A9C-83EA-D17DF83340FD} = {CA9AC87F-097E-4F15-8393-4BC07735A5B0}
		{748584B1-BA69-4F6A-81AA-F4BDE6BCE29D} = {CA9AC87F-097E-4F15-8393-4BC07735A5B0}
		{2C02DF3C-4D35-48B5-9AEC-718889D721F0} = {CA9AC87F-097E-4F15-8393-4BC07735A5B0}
		{ED44516B-B818-46D9-928B-36092B51FC6F} = {CA9AC87F-097E-4F15-8393-4BC07735A5B0}
		{47586841-FB72-4CEC-B9A5-7C30D2744559} = {E4F5FA0C-DC1D-462F-B093-6F9C9A3ADE1D}
		{3E41F3D9-6EBC-4B9B-BA36-57A6C3B1EEC8} = {6410A4FB-F353-41C6-8DFB-08BD0605BB21}
		{8FBED698-B94A-43E9-B467-6B83D7C66B65} = {6410A4FB-F353-41C6-8DFB-08BD0605BB21}
		{6410A4FB-F353-41C6-8DFB-08BD0605BB21} = {CA9AC87F-097E-4F15-8393-4BC07735A5B0}
		{E4F5FA0C-DC1D-462F-B093-6F9C9A3ADE1D} = {CA9AC87F-097E-4F15-8393-4BC07735A5B0}
		{1A871EF4-5995-4A76-86A9-1E6A80B41F5D} = {CA9AC87F-097E-4F15-8393-4BC07735A5B0}
		{C63786F0-64E7-423C-A7A1-E39A725BFBDC} = {CA9AC87F-097E-4F15-8393-4BC07735A5B0}
		{3E9335F5-2B1B-419E-AC3A-F8715C6CDD12} = {E4F5FA0C-DC1D-462F-B093-6F9C9A3ADE1D}
		{048AE134-EEA0-4ADD-922D-7FFEE8923C63} = {1A871EF4-5995-4A76-86A9-1E6A80B41F5D}
	EndGlobalSection
	GlobalSection(ExtensibilityGlobals) = postSolution
		SolutionGuid = {28315BFD-90E7-4E14-A2EA-F3D23AF4126F}
	EndGlobalSection
EndGlobal
